
Microsoft Visual Studio Solution File, Format Version 12.00
# Visual Studio Version 17
VisualStudioVersion = 17.14.36811.4 d17.14
MinimumVisualStudioVersion = 10.0.40219.1
Project("{FAE04EC0-301F-11D3-BF4B-00C04F79EFBC}") = "H163_ext_test", "H163_ext_test\H163_ext_test.csproj", "{D5F3342F-ED7B-4923-935E-34046C9B1D64}"
EndProject
Global
	GlobalSection(SolutionConfigurationPlatforms) = preSolution
		Debug|Any CPU = Debug|Any CPU
		Release|Any CPU = Release|Any CPU
	EndGlobalSection
	GlobalSection(ProjectConfigurationPlatforms) = postSolution
		{D5F3342F-ED7B-4923-935E-34046C9B1D64}.Debug|Any CPU.ActiveCfg = Debug|Any CPU
		{D5F3342F-ED7B-4923-935E-34046C9B1D64}.Debug|Any CPU.Build.0 = Debug|Any CPU
		{D5F3342F-ED7B-4923-935E-34046C9B1D64}.Release|Any CPU.ActiveCfg = Release|Any CPU
		{D5F3342F-ED7B-4923-935E-34046C9B1D64}.Release|Any CPU.Build.0 = Release|Any CPU
	EndGlobalSection
	GlobalSection(SolutionProperties) = preSolution
		HideSolutionNode = FALSE
	EndGlobalSection
	GlobalSection(ExtensibilityGlobals) = postSolution
		SolutionGuid = {75039A86-FE4F-4485-A42F-CBB66B16BAB6}
	EndGlobalSection
EndGlobal
